
Microsoft Visual Studio Solution File, Format Version 12.00
# Visual Studio 15
VisualStudioVersion = 15.0.27703.2018
MinimumVisualStudioVersion = 10.0.40219.1
Project("{FAE04EC0-301F-11D3-BF4B-00C04F79EFBC}") = "Recursion", "Delegate1\Recursion.csproj", "{5918BB42-9879-46E1-B617-754AFF401375}"
EndProject
Global
	GlobalSection(SolutionConfigurationPlatforms) = preSolution
		Debug|Any CPU = Debug|Any CPU
		Release|Any CPU = Release|Any CPU
	EndGlobalSection
	GlobalSection(ProjectConfigurationPlatforms) = postSolution
		{5918BB42-9879-46E1-B617-754AFF401375}.Debug|Any CPU.ActiveCfg = Debug|Any CPU
		{5918BB42-9879-46E1-B617-754AFF401375}.Debug|Any CPU.Build.0 = Debug|Any CPU
		{5918BB42-9879-46E1-B617-754AFF401375}.Release|Any CPU.ActiveCfg = Release|Any CPU
		{5918BB42-9879-46E1-B617-754AFF401375}.Release|Any CPU.Build.0 = Release|Any CPU
	EndGlobalSection
	GlobalSection(SolutionProperties) = preSolution
		HideSolutionNode = FALSE
	EndGlobalSection
	GlobalSection(ExtensibilityGlobals) = postSolution
		SolutionGuid = {9C7CB261-6356-4A20-8E76-580C86126AC7}
	EndGlobalSection
EndGlobal
